// !$*UTF8*$!
{
	archiveVersion = 1;
	classes = {
	};
	objectVersion = 48;
	objects = {

/* Begin PBXBuildFile section */
		1743D7C51FD9B90100CEFC64 /* Log.swift in Sources */ = {isa = PBXBuildFile; fileRef = 1743D7C41FD9B90100CEFC64 /* Log.swift */; };
		1743D7C71FD9BAEA00CEFC64 /* AlbumsViewController.swift in Sources */ = {isa = PBXBuildFile; fileRef = 1743D7C61FD9BAEA00CEFC64 /* AlbumsViewController.swift */; };
		1743D7C91FDAA21900CEFC64 /* AlbumTableViewCell.swift in Sources */ = {isa = PBXBuildFile; fileRef = 1743D7C81FDAA21900CEFC64 /* AlbumTableViewCell.swift */; };
		1743D7CD1FDAB0F600CEFC64 /* RemoteImageView.swift in Sources */ = {isa = PBXBuildFile; fileRef = 1743D7CC1FDAB0F600CEFC64 /* RemoteImageView.swift */; };
		17660F401FD58948008B3DE7 /* AppDelegate.swift in Sources */ = {isa = PBXBuildFile; fileRef = 17660F3F1FD58948008B3DE7 /* AppDelegate.swift */; };
		17660F421FD58948008B3DE7 /* ViewController.swift in Sources */ = {isa = PBXBuildFile; fileRef = 17660F411FD58948008B3DE7 /* ViewController.swift */; };
		17660F451FD58948008B3DE7 /* Main.storyboard in Resources */ = {isa = PBXBuildFile; fileRef = 17660F431FD58948008B3DE7 /* Main.storyboard */; };
		17660F471FD58948008B3DE7 /* Assets.xcassets in Resources */ = {isa = PBXBuildFile; fileRef = 17660F461FD58948008B3DE7 /* Assets.xcassets */; };
		17660F4A1FD58948008B3DE7 /* LaunchScreen.storyboard in Resources */ = {isa = PBXBuildFile; fileRef = 17660F481FD58948008B3DE7 /* LaunchScreen.storyboard */; };
		A641C9A37FC873D53416CBF9 /* Pods_FbAlbumApp.framework in Frameworks */ = {isa = PBXBuildFile; fileRef = FBB54BEC8A220E0DF30747F4 /* Pods_FbAlbumApp.framework */; };
/* End PBXBuildFile section */

/* Begin PBXFileReference section */
		1743D7C41FD9B90100CEFC64 /* Log.swift */ = {isa = PBXFileReference; lastKnownFileType = sourcecode.swift; path = Log.swift; sourceTree = "<group>"; };
		1743D7C61FD9BAEA00CEFC64 /* AlbumsViewController.swift */ = {isa = PBXFileReference; lastKnownFileType = sourcecode.swift; path = AlbumsViewController.swift; sourceTree = "<group>"; };
		1743D7C81FDAA21900CEFC64 /* AlbumTableViewCell.swift */ = {isa = PBXFileReference; lastKnownFileType = sourcecode.swift; path = AlbumTableViewCell.swift; sourceTree = "<group>"; };
		1743D7CC1FDAB0F600CEFC64 /* RemoteImageView.swift */ = {isa = PBXFileReference; lastKnownFileType = sourcecode.swift; path = RemoteImageView.swift; sourceTree = "<group>"; };
		17660F3C1FD58948008B3DE7 /* FbAlbumApp.app */ = {isa = PBXFileReference; explicitFileType = wrapper.application; includeInIndex = 0; path = FbAlbumApp.app; sourceTree = BUILT_PRODUCTS_DIR; };
		17660F3F1FD58948008B3DE7 /* AppDelegate.swift */ = {isa = PBXFileReference; lastKnownFileType = sourcecode.swift; path = AppDelegate.swift; sourceTree = "<group>"; };
		17660F411FD58948008B3DE7 /* ViewController.swift */ = {isa = PBXFileReference; lastKnownFileType = sourcecode.swift; path = ViewController.swift; sourceTree = "<group>"; };
		17660F441FD58948008B3DE7 /* Base */ = {isa = PBXFileReference; lastKnownFileType = file.storyboard; name = Base; path = Base.lproj/Main.storyboard; sourceTree = "<group>"; };
		17660F461FD58948008B3DE7 /* Assets.xcassets */ = {isa = PBXFileReference; lastKnownFileType = folder.assetcatalog; path = Assets.xcassets; sourceTree = "<group>"; };
		17660F491FD58948008B3DE7 /* Base */ = {isa = PBXFileReference; lastKnownFileType = file.storyboard; name = Base; path = Base.lproj/LaunchScreen.storyboard; sourceTree = "<group>"; };
		17660F4B1FD58948008B3DE7 /* Info.plist */ = {isa = PBXFileReference; lastKnownFileType = text.plist.xml; path = Info.plist; sourceTree = "<group>"; };
		72188FDC6789A631D32F1166 /* Pods-FbAlbumApp.debug.xcconfig */ = {isa = PBXFileReference; includeInIndex = 1; lastKnownFileType = text.xcconfig; name = "Pods-FbAlbumApp.debug.xcconfig"; path = "Pods/Target Support Files/Pods-FbAlbumApp/Pods-FbAlbumApp.debug.xcconfig"; sourceTree = "<group>"; };
		A2EA6DF174833E24A1C159F1 /* Pods-FbAlbumApp.release.xcconfig */ = {isa = PBXFileReference; includeInIndex = 1; lastKnownFileType = text.xcconfig; name = "Pods-FbAlbumApp.release.xcconfig"; path = "Pods/Target Support Files/Pods-FbAlbumApp/Pods-FbAlbumApp.release.xcconfig"; sourceTree = "<group>"; };
		FBB54BEC8A220E0DF30747F4 /* Pods_FbAlbumApp.framework */ = {isa = PBXFileReference; explicitFileType = wrapper.framework; includeInIndex = 0; path = Pods_FbAlbumApp.framework; sourceTree = BUILT_PRODUCTS_DIR; };
/* End PBXFileReference section */

/* Begin PBXFrameworksBuildPhase section */
		17660F391FD58948008B3DE7 /* Frameworks */ = {
			isa = PBXFrameworksBuildPhase;
			buildActionMask = 2147483647;
			files = (
				A641C9A37FC873D53416CBF9 /* Pods_FbAlbumApp.framework in Frameworks */,
			);
			runOnlyForDeploymentPostprocessing = 0;
		};
/* End PBXFrameworksBuildPhase section */

/* Begin PBXGroup section */
		1743D7C31FD9B8BA00CEFC64 /* utilities */ = {
			isa = PBXGroup;
			children = (
				1743D7C41FD9B90100CEFC64 /* Log.swift */,
			);
			path = utilities;
			sourceTree = "<group>";
		};
		1743D7CA1FDAA22100CEFC64 /* cellView */ = {
			isa = PBXGroup;
			children = (
				1743D7C81FDAA21900CEFC64 /* AlbumTableViewCell.swift */,
			);
			path = cellView;
			sourceTree = "<group>";
		};
		1743D7CB1FDAB0BC00CEFC64 /* views */ = {
			isa = PBXGroup;
			children = (
				1743D7CC1FDAB0F600CEFC64 /* RemoteImageView.swift */,
			);
			path = views;
			sourceTree = "<group>";
		};
		17660F331FD58948008B3DE7 = {
			isa = PBXGroup;
			children = (
				17660F3E1FD58948008B3DE7 /* FbAlbumApp */,
				17660F3D1FD58948008B3DE7 /* Products */,
				80085DF851B5B7426E117A89 /* Pods */,
				5181E891F45C2910FDF25622 /* Frameworks */,
			);
			sourceTree = "<group>";
		};
		17660F3D1FD58948008B3DE7 /* Products */ = {
			isa = PBXGroup;
			children = (
				17660F3C1FD58948008B3DE7 /* FbAlbumApp.app */,
			);
			name = Products;
			sourceTree = "<group>";
		};
		17660F3E1FD58948008B3DE7 /* FbAlbumApp */ = {
			isa = PBXGroup;
			children = (
				17660F3F1FD58948008B3DE7 /* AppDelegate.swift */,
				17660F411FD58948008B3DE7 /* ViewController.swift */,
				1743D7C61FD9BAEA00CEFC64 /* AlbumsViewController.swift */,
				17660F431FD58948008B3DE7 /* Main.storyboard */,
				1743D7CB1FDAB0BC00CEFC64 /* views */,
				1743D7CA1FDAA22100CEFC64 /* cellView */,
				1743D7C31FD9B8BA00CEFC64 /* utilities */,
				17660F461FD58948008B3DE7 /* Assets.xcassets */,
				17660F481FD58948008B3DE7 /* LaunchScreen.storyboard */,
				17660F4B1FD58948008B3DE7 /* Info.plist */,
			);
			path = FbAlbumApp;
			sourceTree = "<group>";
		};
		5181E891F45C2910FDF25622 /* Frameworks */ = {
			isa = PBXGroup;
			children = (
				FBB54BEC8A220E0DF30747F4 /* Pods_FbAlbumApp.framework */,
			);
			name = Frameworks;
			sourceTree = "<group>";
		};
		80085DF851B5B7426E117A89 /* Pods */ = {
			isa = PBXGroup;
			children = (
				72188FDC6789A631D32F1166 /* Pods-FbAlbumApp.debug.xcconfig */,
				A2EA6DF174833E24A1C159F1 /* Pods-FbAlbumApp.release.xcconfig */,
			);
			name = Pods;
			sourceTree = "<group>";
		};
/* End PBXGroup section */

/* Begin PBXNativeTarget section */
		17660F3B1FD58948008B3DE7 /* FbAlbumApp */ = {
			isa = PBXNativeTarget;
			buildConfigurationList = 17660F4E1FD58948008B3DE7 /* Build configuration list for PBXNativeTarget "FbAlbumApp" */;
			buildPhases = (
				362767F508F604C005C81671 /* [CP] Check Pods Manifest.lock */,
				17660F381FD58948008B3DE7 /* Sources */,
				17660F391FD58948008B3DE7 /* Frameworks */,
				17660F3A1FD58948008B3DE7 /* Resources */,
				9E830C44C9442B9C81FB4082 /* [CP] Embed Pods Frameworks */,
				A1B515985D10913050C37FF6 /* [CP] Copy Pods Resources */,
			);
			buildRules = (
			);
			dependencies = (
			);
			name = FbAlbumApp;
			productName = FbAlbumApp;
			productReference = 17660F3C1FD58948008B3DE7 /* FbAlbumApp.app */;
			productType = "com.apple.product-type.application";
		};
/* End PBXNativeTarget section */

/* Begin PBXProject section */
		17660F341FD58948008B3DE7 /* Project object */ = {
			isa = PBXProject;
			attributes = {
				LastSwiftUpdateCheck = 0910;
				LastUpgradeCheck = 0910;
				ORGANIZATIONNAME = "Mohammed Hajajate";
				TargetAttributes = {
					17660F3B1FD58948008B3DE7 = {
						CreatedOnToolsVersion = 9.1;
						ProvisioningStyle = Automatic;
					};
				};
			};
			buildConfigurationList = 17660F371FD58948008B3DE7 /* Build configuration list for PBXProject "FbAlbumApp" */;
			compatibilityVersion = "Xcode 8.0";
			developmentRegion = en;
			hasScannedForEncodings = 0;
			knownRegions = (
				en,
				Base,
			);
			mainGroup = 17660F331FD58948008B3DE7;
			productRefGroup = 17660F3D1FD58948008B3DE7 /* Products */;
			projectDirPath = "";
			projectRoot = "";
			targets = (
				17660F3B1FD58948008B3DE7 /* FbAlbumApp */,
			);
		};
/* End PBXProject section */

/* Begin PBXResourcesBuildPhase section */
		17660F3A1FD58948008B3DE7 /* Resources */ = {
			isa = PBXResourcesBuildPhase;
			buildActionMask = 2147483647;
			files = (
				17660F4A1FD58948008B3DE7 /* LaunchScreen.storyboard in Resources */,
				17660F471FD58948008B3DE7 /* Assets.xcassets in Resources */,
				17660F451FD58948008B3DE7 /* Main.storyboard in Resources */,
			);
			runOnlyForDeploymentPostprocessing = 0;
		};
/* End PBXResourcesBuildPhase section */

/* Begin PBXShellScriptBuildPhase section */
		362767F508F604C005C81671 /* [CP] Check Pods Manifest.lock */ = {
			isa = PBXShellScriptBuildPhase;
			buildActionMask = 2147483647;
			files = (
			);
			inputPaths = (
				"${PODS_PODFILE_DIR_PATH}/Podfile.lock",
				"${PODS_ROOT}/Manifest.lock",
			);
			name = "[CP] Check Pods Manifest.lock";
			outputPaths = (
				"$(DERIVED_FILE_DIR)/Pods-FbAlbumApp-checkManifestLockResult.txt",
			);
			runOnlyForDeploymentPostprocessing = 0;
			shellPath = /bin/sh;
			shellScript = "diff \"${PODS_PODFILE_DIR_PATH}/Podfile.lock\" \"${PODS_ROOT}/Manifest.lock\" > /dev/null\nif [ $? != 0 ] ; then\n    # print error to STDERR\n    echo \"error: The sandbox is not in sync with the Podfile.lock. Run 'pod install' or update your CocoaPods installation.\" >&2\n    exit 1\nfi\n# This output is used by Xcode 'outputs' to avoid re-running this script phase.\necho \"SUCCESS\" > \"${SCRIPT_OUTPUT_FILE_0}\"\n";
			showEnvVarsInLog = 0;
		};
		9E830C44C9442B9C81FB4082 /* [CP] Embed Pods Frameworks */ = {
			isa = PBXShellScriptBuildPhase;
			buildActionMask = 2147483647;
			files = (
			);
			inputPaths = (
				"${SRCROOT}/Pods/Target Support Files/Pods-FbAlbumApp/Pods-FbAlbumApp-frameworks.sh",
				"${BUILT_PRODUCTS_DIR}/Bolts/Bolts.framework",
				"${BUILT_PRODUCTS_DIR}/FBSDKCoreKit/FBSDKCoreKit.framework",
				"${BUILT_PRODUCTS_DIR}/FBSDKLoginKit/FBSDKLoginKit.framework",
				"${BUILT_PRODUCTS_DIR}/Siesta/Siesta.framework",
			);
			name = "[CP] Embed Pods Frameworks";
			outputPaths = (
				"${TARGET_BUILD_DIR}/${FRAMEWORKS_FOLDER_PATH}/Bolts.framework",
				"${TARGET_BUILD_DIR}/${FRAMEWORKS_FOLDER_PATH}/FBSDKCoreKit.framework",
				"${TARGET_BUILD_DIR}/${FRAMEWORKS_FOLDER_PATH}/FBSDKLoginKit.framework",
				"${TARGET_BUILD_DIR}/${FRAMEWORKS_FOLDER_PATH}/Siesta.framework",
			);
			runOnlyForDeploymentPostprocessing = 0;
			shellPath = /bin/sh;
			shellScript = "\"${SRCROOT}/Pods/Target Support Files/Pods-FbAlbumApp/Pods-FbAlbumApp-frameworks.sh\"\n";
			showEnvVarsInLog = 0;
		};
		A1B515985D10913050C37FF6 /* [CP] Copy Pods Resources */ = {
			isa = PBXShellScriptBuildPhase;
			buildActionMask = 2147483647;
			files = (
			);
			inputPaths = (
			);
			name = "[CP] Copy Pods Resources";
			outputPaths = (
			);
			runOnlyForDeploymentPostprocessing = 0;
			shellPath = /bin/sh;
			shellScript = "\"${SRCROOT}/Pods/Target Support Files/Pods-FbAlbumApp/Pods-FbAlbumApp-resources.sh\"\n";
			showEnvVarsInLog = 0;
		};
/* End PBXShellScriptBuildPhase section */

/* Begin PBXSourcesBuildPhase section */
		17660F381FD58948008B3DE7 /* Sources */ = {
			isa = PBXSourcesBuildPhase;
			buildActionMask = 2147483647;
			files = (
				1743D7C91FDAA21900CEFC64 /* AlbumTableViewCell.swift in Sources */,
				1743D7C71FD9BAEA00CEFC64 /* AlbumsViewController.swift in Sources */,
				17660F421FD58948008B3DE7 /* ViewController.swift in Sources */,
				17660F401FD58948008B3DE7 /* AppDelegate.swift in Sources */,
				1743D7CD1FDAB0F600CEFC64 /* RemoteImageView.swift in Sources */,
				1743D7C51FD9B90100CEFC64 /* Log.swift in Sources */,
			);
			runOnlyForDeploymentPostprocessing = 0;
		};
/* End PBXSourcesBuildPhase section */

/* Begin PBXVariantGroup section */
		17660F431FD58948008B3DE7 /* Main.storyboard */ = {
			isa = PBXVariantGroup;
			children = (
				17660F441FD58948008B3DE7 /* Base */,
			);
			name = Main.storyboard;
			sourceTree = "<group>";
		};
		17660F481FD58948008B3DE7 /* LaunchScreen.storyboard */ = {
			isa = PBXVariantGroup;
			children = (
				17660F491FD58948008B3DE7 /* Base */,
			);
			name = LaunchScreen.storyboard;
			sourceTree = "<group>";
		};
/* End PBXVariantGroup section */

/* Begin XCBuildConfiguration section */
		17660F4C1FD58948008B3DE7 /* Debug */ = {
			isa = XCBuildConfiguration;
			buildSettings = {
				ALWAYS_SEARCH_USER_PATHS = NO;
				CLANG_ANALYZER_NONNULL = YES;
				CLANG_ANALYZER_NUMBER_OBJECT_CONVERSION = YES_AGGRESSIVE;
				CLANG_CXX_LANGUAGE_STANDARD = "gnu++14";
				CLANG_CXX_LIBRARY = "libc++";
				CLANG_ENABLE_MODULES = YES;
				CLANG_ENABLE_OBJC_ARC = YES;
				CLANG_WARN_BLOCK_CAPTURE_AUTORELEASING = YES;
				CLANG_WARN_BOOL_CONVERSION = YES;
				CLANG_WARN_COMMA = YES;
				CLANG_WARN_CONSTANT_CONVERSION = YES;
				CLANG_WARN_DIRECT_OBJC_ISA_USAGE = YES_ERROR;
				CLANG_WARN_DOCUMENTATION_COMMENTS = YES;
				CLANG_WARN_EMPTY_BODY = YES;
				CLANG_WARN_ENUM_CONVERSION = YES;
				CLANG_WARN_INFINITE_RECURSION = YES;
				CLANG_WARN_INT_CONVERSION = YES;
				CLANG_WARN_NON_LITERAL_NULL_CONVERSION = YES;
				CLANG_WARN_OBJC_LITERAL_CONVERSION = YES;
				CLANG_WARN_OBJC_ROOT_CLASS = YES_ERROR;
				CLANG_WARN_RANGE_LOOP_ANALYSIS = YES;
				CLANG_WARN_STRICT_PROTOTYPES = YES;
				CLANG_WARN_SUSPICIOUS_MOVE = YES;
				CLANG_WARN_UNGUARDED_AVAILABILITY = YES_AGGRESSIVE;
				CLANG_WARN_UNREACHABLE_CODE = YES;
				CLANG_WARN__DUPLICATE_METHOD_MATCH = YES;
				CODE_SIGN_IDENTITY = "iPhone Developer";
				COPY_PHASE_STRIP = NO;
				DEBUG_INFORMATION_FORMAT = dwarf;
				ENABLE_STRICT_OBJC_MSGSEND = YES;
				ENABLE_TESTABILITY = YES;
				GCC_C_LANGUAGE_STANDARD = gnu11;
				GCC_DYNAMIC_NO_PIC = NO;
				GCC_NO_COMMON_BLOCKS = YES;
				GCC_OPTIMIZATION_LEVEL = 0;
				GCC_PREPROCESSOR_DEFINITIONS = (
					"DEBUG=1",
					"$(inherited)",
				);
				GCC_WARN_64_TO_32_BIT_CONVERSION = YES;
				GCC_WARN_ABOUT_RETURN_TYPE = YES_ERROR;
				GCC_WARN_UNDECLARED_SELECTOR = YES;
				GCC_WARN_UNINITIALIZED_AUTOS = YES_AGGRESSIVE;
				GCC_WARN_UNUSED_FUNCTION = YES;
				GCC_WARN_UNUSED_VARIABLE = YES;
				IPHONEOS_DEPLOYMENT_TARGET = 11.1;
				MTL_ENABLE_DEBUG_INFO = YES;
				ONLY_ACTIVE_ARCH = YES;
				SDKROOT = iphoneos;
				SWIFT_ACTIVE_COMPILATION_CONDITIONS = DEBUG;
				SWIFT_OPTIMIZATION_LEVEL = "-Onone";
			};
			name = Debug;
		};
		17660F4D1FD58948008B3DE7 /* Release */ = {
			isa = XCBuildConfiguration;
			buildSettings = {
				ALWAYS_SEARCH_USER_PATHS = NO;
				CLANG_ANALYZER_NONNULL = YES;
				CLANG_ANALYZER_NUMBER_OBJECT_CONVERSION = YES_AGGRESSIVE;
				CLANG_CXX_LANGUAGE_STANDARD = "gnu++14";
				CLANG_CXX_LIBRARY = "libc++";
				CLANG_ENABLE_MODULES = YES;
				CLANG_ENABLE_OBJC_ARC = YES;
				CLANG_WARN_BLOCK_CAPTURE_AUTORELEASING = YES;
				CLANG_WARN_BOOL_CONVERSION = YES;
				CLANG_WARN_COMMA = YES;
				CLANG_WARN_CONSTANT_CONVERSION = YES;
				CLANG_WARN_DIRECT_OBJC_ISA_USAGE = YES_ERROR;
				CLANG_WARN_DOCUMENTATION_COMMENTS = YES;
				CLANG_WARN_EMPTY_BODY = YES;
				CLANG_WARN_ENUM_CONVERSION = YES;
				CLANG_WARN_INFINITE_RECURSION = YES;
				CLANG_WARN_INT_CONVERSION = YES;
				CLANG_WARN_NON_LITERAL_NULL_CONVERSION = YES;
				CLANG_WARN_OBJC_LITERAL_CONVERSION = YES;
				CLANG_WARN_OBJC_ROOT_CLASS = YES_ERROR;
				CLANG_WARN_RANGE_LOOP_ANALYSIS = YES;
				CLANG_WARN_STRICT_PROTOTYPES = YES;
				CLANG_WARN_SUSPICIOUS_MOVE = YES;
				CLANG_WARN_UNGUARDED_AVAILABILITY = YES_AGGRESSIVE;
				CLANG_WARN_UNREACHABLE_CODE = YES;
				CLANG_WARN__DUPLICATE_METHOD_MATCH = YES;
				CODE_SIGN_IDENTITY = "iPhone Developer";
				COPY_PHASE_STRIP = NO;
				DEBUG_INFORMATION_FORMAT = "dwarf-with-dsym";
				ENABLE_NS_ASSERTIONS = NO;
				ENABLE_STRICT_OBJC_MSGSEND = YES;
				GCC_C_LANGUAGE_STANDARD = gnu11;
				GCC_NO_COMMON_BLOCKS = YES;
				GCC_WARN_64_TO_32_BIT_CONVERSION = YES;
				GCC_WARN_ABOUT_RETURN_TYPE = YES_ERROR;
				GCC_WARN_UNDECLARED_SELECTOR = YES;
				GCC_WARN_UNINITIALIZED_AUTOS = YES_AGGRESSIVE;
				GCC_WARN_UNUSED_FUNCTION = YES;
				GCC_WARN_UNUSED_VARIABLE = YES;
				IPHONEOS_DEPLOYMENT_TARGET = 11.1;
				MTL_ENABLE_DEBUG_INFO = NO;
				SDKROOT = iphoneos;
				SWIFT_OPTIMIZATION_LEVEL = "-Owholemodule";
				VALIDATE_PRODUCT = YES;
			};
			name = Release;
		};
		17660F4F1FD58948008B3DE7 /* Debug */ = {
			isa = XCBuildConfiguration;
			baseConfigurationReference = 72188FDC6789A631D32F1166 /* Pods-FbAlbumApp.debug.xcconfig */;
			buildSettings = {
				ASSETCATALOG_COMPILER_APPICON_NAME = AppIcon;
				CODE_SIGN_STYLE = Automatic;
				INFOPLIST_FILE = FbAlbumApp/Info.plist;
				LD_RUNPATH_SEARCH_PATHS = "$(inherited) @executable_path/Frameworks";
				PRODUCT_BUNDLE_IDENTIFIER = ma.fs.FbAlbumApp;
				PRODUCT_NAME = "$(TARGET_NAME)";
				SWIFT_VERSION = 4.0;
				TARGETED_DEVICE_FAMILY = "1,2";
			};
			name = Debug;
		};
		17660F501FD58948008B3DE7 /* Release */ = {
			isa = XCBuildConfiguration;
			baseConfigurationReference = A2EA6DF174833E24A1C159F1 /* Pods-FbAlbumApp.release.xcconfig */;
			buildSettings = {
				ASSETCATALOG_COMPILER_APPICON_NAME = AppIcon;
				CODE_SIGN_STYLE = Automatic;
				INFOPLIST_FILE = FbAlbumApp/Info.plist;
				LD_RUNPATH_SEARCH_PATHS = "$(inherited) @executable_path/Frameworks";
				PRODUCT_BUNDLE_IDENTIFIER = ma.fs.FbAlbumApp;
				PRODUCT_NAME = "$(TARGET_NAME)";
				SWIFT_VERSION = 4.0;
				TARGETED_DEVICE_FAMILY = "1,2";
			};
			name = Release;
		};
/* End XCBuildConfiguration section */

/* Begin XCConfigurationList section */
		17660F371FD58948008B3DE7 /* Build configuration list for PBXProject "FbAlbumApp" */ = {
			isa = XCConfigurationList;
			buildConfigurations = (
				17660F4C1FD58948008B3DE7 /* Debug */,
				17660F4D1FD58948008B3DE7 /* Release */,
			);
			defaultConfigurationIsVisible = 0;
			defaultConfigurationName = Release;
		};
		17660F4E1FD58948008B3DE7 /* Build configuration list for PBXNativeTarget "FbAlbumApp" */ = {
			isa = XCConfigurationList;
			buildConfigurations = (
				17660F4F1FD58948008B3DE7 /* Debug */,
				17660F501FD58948008B3DE7 /* Release */,
			);
			defaultConfigurationIsVisible = 0;
			defaultConfigurationName = Release;
		};
/* End XCConfigurationList section */
	};
	rootObject = 17660F341FD58948008B3DE7 /* Project object */;
}
